
Microsoft Visual Studio Solution File, Format Version 12.00
# Visual Studio Version 17
VisualStudioVersion = 17.0.31903.59
MinimumVisualStudioVersion = 10.0.40219.1
Project("{FAE04EC0-301F-11D3-BF4B-00C04F79EFBC}") = "UserManagement.API", "UserManagement.API\UserManagement.API.csproj", "{313E5546-1BD9-4BE2-BE91-0725D0C00373}"
EndProject
Project("{FAE04EC0-301F-11D3-BF4B-00C04F79EFBC}") = "UserManagement.Application", "UserManagement.Application\UserManagement.Application.csproj", "{B7038009-953B-4C9F-BB90-3AD943CF27CE}"
EndProject
Project("{FAE04EC0-301F-11D3-BF4B-00C04F79EFBC}") = "UserManagement.Domain", "UserManagement.Domain\UserManagement.Domain.csproj", "{15391CDB-6B61-466F-BC22-E7E0AEC60ABA}"
EndProject
Project("{FAE04EC0-301F-11D3-BF4B-00C04F79EFBC}") = "UserManagement.Infrastructure", "UserManagement.Infrastructure\UserManagement.Infrastructure.csproj", "{4BD9DE5C-7BE6-46AD-AB32-B49385090187}"
EndProject
Project("{FAE04EC0-301F-11D3-BF4B-00C04F79EFBC}") = "UserManagement.Tests", "UserManagement.Tests\UserManagement.Tests.csproj", "{4AFD86D8-FE0E-443C-8C03-02572BC040C8}"
EndProject
Global
	GlobalSection(SolutionConfigurationPlatforms) = preSolution
		Debug|Any CPU = Debug|Any CPU
		Release|Any CPU = Release|Any CPU
	EndGlobalSection
	GlobalSection(SolutionProperties) = preSolution
		HideSolutionNode = FALSE
	EndGlobalSection
	GlobalSection(ProjectConfigurationPlatforms) = postSolution
		{313E5546-1BD9-4BE2-BE91-0725D0C00373}.Debug|Any CPU.ActiveCfg = Debug|Any CPU
		{313E5546-1BD9-4BE2-BE91-0725D0C00373}.Debug|Any CPU.Build.0 = Debug|Any CPU
		{313E5546-1BD9-4BE2-BE91-0725D0C00373}.Release|Any CPU.ActiveCfg = Release|Any CPU
		{313E5546-1BD9-4BE2-BE91-0725D0C00373}.Release|Any CPU.Build.0 = Release|Any CPU
		{B7038009-953B-4C9F-BB90-3AD943CF27CE}.Debug|Any CPU.ActiveCfg = Debug|Any CPU
		{B7038009-953B-4C9F-BB90-3AD943CF27CE}.Debug|Any CPU.Build.0 = Debug|Any CPU
		{B7038009-953B-4C9F-BB90-3AD943CF27CE}.Release|Any CPU.ActiveCfg = Release|Any CPU
		{B7038009-953B-4C9F-BB90-3AD943CF27CE}.Release|Any CPU.Build.0 = Release|Any CPU
		{15391CDB-6B61-466F-BC22-E7E0AEC60ABA}.Debug|Any CPU.ActiveCfg = Debug|Any CPU
		{15391CDB-6B61-466F-BC22-E7E0AEC60ABA}.Debug|Any CPU.Build.0 = Debug|Any CPU
		{15391CDB-6B61-466F-BC22-E7E0AEC60ABA}.Release|Any CPU.ActiveCfg = Release|Any CPU
		{15391CDB-6B61-466F-BC22-E7E0AEC60ABA}.Release|Any CPU.Build.0 = Release|Any CPU
		{4BD9DE5C-7BE6-46AD-AB32-B49385090187}.Debug|Any CPU.ActiveCfg = Debug|Any CPU
		{4BD9DE5C-7BE6-46AD-AB32-B49385090187}.Debug|Any CPU.Build.0 = Debug|Any CPU
		{4BD9DE5C-7BE6-46AD-AB32-B49385090187}.Release|Any CPU.ActiveCfg = Release|Any CPU
		{4BD9DE5C-7BE6-46AD-AB32-B49385090187}.Release|Any CPU.Build.0 = Release|Any CPU
		{4AFD86D8-FE0E-443C-8C03-02572BC040C8}.Debug|Any CPU.ActiveCfg = Debug|Any CPU
		{4AFD86D8-FE0E-443C-8C03-02572BC040C8}.Debug|Any CPU.Build.0 = Debug|Any CPU
		{4AFD86D8-FE0E-443C-8C03-02572BC040C8}.Release|Any CPU.ActiveCfg = Release|Any CPU
		{4AFD86D8-FE0E-443C-8C03-02572BC040C8}.Release|Any CPU.Build.0 = Release|Any CPU
	EndGlobalSection
EndGlobal
